
Microsoft Visual Studio Solution File, Format Version 12.00
# Visual Studio 15
VisualStudioVersion = 15.0.27703.2047
MinimumVisualStudioVersion = 10.0.40219.1
Project("{FAE04EC0-301F-11D3-BF4B-00C04F79EFBC}") = "ConsoleAppClientNet", "ConsoleAppClientNet\ConsoleAppClientNet.csproj", "{3F40BE1C-EE3A-4815-AC63-72894FEDB0FD}"
EndProject
Global
	GlobalSection(SolutionConfigurationPlatforms) = preSolution
		Debug|Any CPU = Debug|Any CPU
		Release|Any CPU = Release|Any CPU
	EndGlobalSection
	GlobalSection(ProjectConfigurationPlatforms) = postSolution
		{3F40BE1C-EE3A-4815-AC63-72894FEDB0FD}.Debug|Any CPU.ActiveCfg = Debug|Any CPU
		{3F40BE1C-EE3A-4815-AC63-72894FEDB0FD}.Debug|Any CPU.Build.0 = Debug|Any CPU
		{3F40BE1C-EE3A-4815-AC63-72894FEDB0FD}.Release|Any CPU.ActiveCfg = Release|Any CPU
		{3F40BE1C-EE3A-4815-AC63-72894FEDB0FD}.Release|Any CPU.Build.0 = Release|Any CPU
	EndGlobalSection
	GlobalSection(SolutionProperties) = preSolution
		HideSolutionNode = FALSE
	EndGlobalSection
	GlobalSection(ExtensibilityGlobals) = postSolution
		SolutionGuid = {FBF1F15C-096B-43A2-9AA2-BA647F0A57C9}
	EndGlobalSection
EndGlobal
